
Microsoft Visual Studio Solution File, Format Version 12.00
# Visual Studio Version 17
VisualStudioVersion = 17.3.32825.248
MinimumVisualStudioVersion = 10.0.40219.1
Project("{FAE04EC0-301F-11D3-BF4B-00C04F79EFBC}") = "Myfirstapp", "Myfirstapp\Myfirstapp.csproj", "{C3E30851-99A7-4B8A-9E8F-D4C743A015C5}"
EndProject
Global
	GlobalSection(SolutionConfigurationPlatforms) = preSolution
		Debug|Any CPU = Debug|Any CPU
		Release|Any CPU = Release|Any CPU
	EndGlobalSection
	GlobalSection(ProjectConfigurationPlatforms) = postSolution
		{C3E30851-99A7-4B8A-9E8F-D4C743A015C5}.Debug|Any CPU.ActiveCfg = Debug|Any CPU
		{C3E30851-99A7-4B8A-9E8F-D4C743A015C5}.Debug|Any CPU.Build.0 = Debug|Any CPU
		{C3E30851-99A7-4B8A-9E8F-D4C743A015C5}.Release|Any CPU.ActiveCfg = Release|Any CPU
		{C3E30851-99A7-4B8A-9E8F-D4C743A015C5}.Release|Any CPU.Build.0 = Release|Any CPU
	EndGlobalSection
	GlobalSection(SolutionProperties) = preSolution
		HideSolutionNode = FALSE
	EndGlobalSection
	GlobalSection(ExtensibilityGlobals) = postSolution
		SolutionGuid = {8ACDDEB9-B38B-40F9-88EE-AE00A2594D8D}
	EndGlobalSection
EndGlobal
